# THIS IS AN AUTOGENERATED FILE. DO NOT EDIT THIS FILE DIRECTLY.
# yarn lockfile v1


easy-json-database@^1.5.0:
  version "1.5.0"
  resolved "https://registry.yarnpkg.com/easy-json-database/-/easy-json-database-1.5.0.tgz#8c8fd85db32f6b6bba2de7959c5d820272bf6ce3"
  integrity sha512-ccd5ALfo/GKfc8kRnG3Lib1dhLzEzv45/hvzjVfp7Np8RqbNsBCBTZvUGEkra5UshPR5DP1Q8FSIhqMwOIEMZQ==
